
Microsoft Visual Studio Solution File, Format Version 12.00
# Visual Studio 2015
Project("{FAE04EC0-301F-11D3-BF4B-00C04F79EFBC}") = "ld35.CSharp", "ld35.CSharp.csproj", "{13BB0939-0E55-1EB0-CF35-0A843D911AC8}"
EndProject
Project("{FAE04EC0-301F-11D3-BF4B-00C04F79EFBC}") = "ld35.CSharp.Editor", "ld35.CSharp.Editor.csproj", "{AE4EA43A-2B42-113B-279C-CC3A7D4FD80C}"
EndProject
Global
	GlobalSection(SolutionConfigurationPlatforms) = preSolution
		Debug|Any CPU = Debug|Any CPU
		Release|Any CPU = Release|Any CPU
	EndGlobalSection
	GlobalSection(ProjectConfigurationPlatforms) = postSolution
		{13BB0939-0E55-1EB0-CF35-0A843D911AC8}.Debug|Any CPU.ActiveCfg = Debug|Any CPU
		{13BB0939-0E55-1EB0-CF35-0A843D911AC8}.Debug|Any CPU.Build.0 = Debug|Any CPU
		{13BB0939-0E55-1EB0-CF35-0A843D911AC8}.Release|Any CPU.ActiveCfg = Release|Any CPU
		{13BB0939-0E55-1EB0-CF35-0A843D911AC8}.Release|Any CPU.Build.0 = Release|Any CPU
		{AE4EA43A-2B42-113B-279C-CC3A7D4FD80C}.Debug|Any CPU.ActiveCfg = Debug|Any CPU
		{AE4EA43A-2B42-113B-279C-CC3A7D4FD80C}.Debug|Any CPU.Build.0 = Debug|Any CPU
		{AE4EA43A-2B42-113B-279C-CC3A7D4FD80C}.Release|Any CPU.ActiveCfg = Release|Any CPU
		{AE4EA43A-2B42-113B-279C-CC3A7D4FD80C}.Release|Any CPU.Build.0 = Release|Any CPU
	EndGlobalSection
	GlobalSection(SolutionProperties) = preSolution
		HideSolutionNode = FALSE
	EndGlobalSection
EndGlobal
