
Microsoft Visual Studio Solution File, Format Version 12.00
# Visual Studio 2015
Project("{FAE04EC0-301F-11D3-BF4B-00C04F79EFBC}") = "quadrilateralcircle.CSharp", "quadrilateralcircle.CSharp.csproj", "{8D3C49ED-A78F-3D6F-6658-4AD526114516}"
EndProject
Project("{FAE04EC0-301F-11D3-BF4B-00C04F79EFBC}") = "quadrilateralcircle.CSharp.Editor", "quadrilateralcircle.CSharp.Editor.csproj", "{BA8089A5-5DE4-8D93-F7DB-228F5CA946DB}"
EndProject
Global
	GlobalSection(SolutionConfigurationPlatforms) = preSolution
		Debug|Any CPU = Debug|Any CPU
		Release|Any CPU = Release|Any CPU
	EndGlobalSection
	GlobalSection(ProjectConfigurationPlatforms) = postSolution
		{8D3C49ED-A78F-3D6F-6658-4AD526114516}.Debug|Any CPU.ActiveCfg = Debug|Any CPU
		{8D3C49ED-A78F-3D6F-6658-4AD526114516}.Debug|Any CPU.Build.0 = Debug|Any CPU
		{8D3C49ED-A78F-3D6F-6658-4AD526114516}.Release|Any CPU.ActiveCfg = Release|Any CPU
		{8D3C49ED-A78F-3D6F-6658-4AD526114516}.Release|Any CPU.Build.0 = Release|Any CPU
		{BA8089A5-5DE4-8D93-F7DB-228F5CA946DB}.Debug|Any CPU.ActiveCfg = Debug|Any CPU
		{BA8089A5-5DE4-8D93-F7DB-228F5CA946DB}.Debug|Any CPU.Build.0 = Debug|Any CPU
		{BA8089A5-5DE4-8D93-F7DB-228F5CA946DB}.Release|Any CPU.ActiveCfg = Release|Any CPU
		{BA8089A5-5DE4-8D93-F7DB-228F5CA946DB}.Release|Any CPU.Build.0 = Release|Any CPU
	EndGlobalSection
	GlobalSection(SolutionProperties) = preSolution
		HideSolutionNode = FALSE
	EndGlobalSection
EndGlobal
